
Microsoft Visual Studio Solution File, Format Version 12.00
# Visual Studio Version 16
VisualStudioVersion = 16.0.32002.261
MinimumVisualStudioVersion = 10.0.40219.1
Project("{FAE04EC0-301F-11D3-BF4B-00C04F79EFBC}") = "ARRAYS_Vetores_CSharp-12", "ARRAYS_Vetores_CSharp-12\ARRAYS_Vetores_CSharp-12.csproj", "{D9708083-DC31-42E1-8CBB-383E12F66ABB}"
EndProject
Global
	GlobalSection(SolutionConfigurationPlatforms) = preSolution
		Debug|Any CPU = Debug|Any CPU
		Release|Any CPU = Release|Any CPU
	EndGlobalSection
	GlobalSection(ProjectConfigurationPlatforms) = postSolution
		{D9708083-DC31-42E1-8CBB-383E12F66ABB}.Debug|Any CPU.ActiveCfg = Debug|Any CPU
		{D9708083-DC31-42E1-8CBB-383E12F66ABB}.Debug|Any CPU.Build.0 = Debug|Any CPU
		{D9708083-DC31-42E1-8CBB-383E12F66ABB}.Release|Any CPU.ActiveCfg = Release|Any CPU
		{D9708083-DC31-42E1-8CBB-383E12F66ABB}.Release|Any CPU.Build.0 = Release|Any CPU
	EndGlobalSection
	GlobalSection(SolutionProperties) = preSolution
		HideSolutionNode = FALSE
	EndGlobalSection
	GlobalSection(ExtensibilityGlobals) = postSolution
		SolutionGuid = {1F1EF67E-A6BC-4564-9C70-8649389F288C}
	EndGlobalSection
EndGlobal
